# This file is autogenerated, do not edit; changes may be undone by the next 'dep ensure'.


[[projects]]
  branch = "master"
  digest = "1:f8fc92f21eff1000e24ee00a3467472ac52dfe916813ed2ff7d3b51e124c708f"
  name = "github.com/songgao/packets"
  packages = ["ethernet"]
  pruneopts = "UT"
  revision = "549a10cd4091c1e78542d3bb357036299cb9fcd6"

[[projects]]
  branch = "master"
  digest = "1:4cef99d2c7df303ee8822fa28413cab327d47e06fcd786f19354bf757d9918ca"
  name = "github.com/songgao/water"
  packages = ["."]
  pruneopts = "UT"
  revision = "bf1a5d02778fcf40c282de352a53b1fe1f5b9f96"

[[projects]]
  branch = "master"
  digest = "1:a68068595227881a09dd5961976ddf705c8eea822dcd1c7b57bbb0067335ad32"
  name = "golang.org/x/crypto"
  packages = [
    "internal/subtle",
    "nacl/secretbox",
    "poly1305",
    "salsa20/salsa",
  ]
  pruneopts = "UT"
  revision = "c126467f60eb25f8f27e5a981f32a87e3965053f"

[[projects]]
  branch = "master"
  digest = "1:becb2131aece71c64ebca5ddfd38cf631784fbb3a678d73ead3b42107c9f41ce"
  name = "golang.org/x/net"
  packages = [
    "bpf",
    "internal/iana",
    "internal/socket",
    "ipv4",
  ]
  pruneopts = "UT"
  revision = "3673e40ba22529d22c3fd7c93e97b0ce50fa7bdd"

[[projects]]
  branch = "master"
  digest = "1:f24a77e6fa938d1c36afcd8f8be1f7f04020b16a8444c8c1cd4b747f089090d7"
  name = "golang.org/x/sys"
  packages = [
    "windows",
    "windows/registry",
  ]
  pruneopts = "UT"
  revision = "bd9dbc187b6e1dacfdd2722a87e83093c2d7bd6e"

[solve-meta]
  analyzer-name = "dep"
  analyzer-version = 1
  input-imports = [
    "github.com/songgao/packets/ethernet",
    "github.com/songgao/water",
    "golang.org/x/crypto/nacl/secretbox",
    "golang.org/x/net/ipv4",
  ]
  solver-name = "gps-cdcl"
  solver-version = 1
